
Microsoft Visual Studio Solution File, Format Version 12.00
# Visual Studio Version 17
VisualStudioVersion = 17.0.31903.59
MinimumVisualStudioVersion = 10.0.40219.1
Project("{FAE04EC0-301F-11D3-BF4B-00C04F79EFBC}") = "DeliveryApp.UWP", "DeliveryApp\DeliveryApp.UWP\DeliveryApp.UWP.csproj", "{730D483C-1241-4BA7-B7A8-591529FC48D5}"
EndProject
Project("{FAE04EC0-301F-11D3-BF4B-00C04F79EFBC}") = "DeliveryApp.Android", "DeliveryApp\DeliveryApp.Android\DeliveryApp.Android.csproj", "{E39A15A1-F34C-4A0E-B5AF-B576F8B60074}"
EndProject
Project("{FAE04EC0-301F-11D3-BF4B-00C04F79EFBC}") = "DeliveryApp.iOS", "DeliveryApp\DeliveryApp.iOS\DeliveryApp.iOS.csproj", "{A152D82C-90D0-4B52-A353-C308BEFC9D99}"
EndProject
Project("{FAE04EC0-301F-11D3-BF4B-00C04F79EFBC}") = "DeliveryApp", "DeliveryApp\DeliveryApp\DeliveryApp.csproj", "{D1D6FDF2-B3F6-4B0C-B4F2-C78F8D23CEFA}"
EndProject
Global
	GlobalSection(SolutionConfigurationPlatforms) = preSolution
		Debug|Any CPU = Debug|Any CPU
		Debug|ARM = Debug|ARM
		Debug|iPhone = Debug|iPhone
		Debug|iPhoneSimulator = Debug|iPhoneSimulator
		Debug|x64 = Debug|x64
		Debug|x86 = Debug|x86
		Release|Any CPU = Release|Any CPU
		Release|ARM = Release|ARM
		Release|iPhone = Release|iPhone
		Release|iPhoneSimulator = Release|iPhoneSimulator
		Release|x64 = Release|x64
		Release|x86 = Release|x86
	EndGlobalSection
	GlobalSection(ProjectConfigurationPlatforms) = postSolution
		{730D483C-1241-4BA7-B7A8-591529FC48D5}.Debug|Any CPU.ActiveCfg = Debug|x64
		{730D483C-1241-4BA7-B7A8-591529FC48D5}.Debug|Any CPU.Build.0 = Debug|x64
		{730D483C-1241-4BA7-B7A8-591529FC48D5}.Debug|Any CPU.Deploy.0 = Debug|x64
		{730D483C-1241-4BA7-B7A8-591529FC48D5}.Debug|ARM.ActiveCfg = Debug|ARM
		{730D483C-1241-4BA7-B7A8-591529FC48D5}.Debug|ARM.Build.0 = Debug|ARM
		{730D483C-1241-4BA7-B7A8-591529FC48D5}.Debug|ARM.Deploy.0 = Debug|ARM
		{730D483C-1241-4BA7-B7A8-591529FC48D5}.Debug|iPhone.ActiveCfg = Debug|x64
		{730D483C-1241-4BA7-B7A8-591529FC48D5}.Debug|iPhone.Build.0 = Debug|x64
		{730D483C-1241-4BA7-B7A8-591529FC48D5}.Debug|iPhone.Deploy.0 = Debug|x64
		{730D483C-1241-4BA7-B7A8-591529FC48D5}.Debug|iPhoneSimulator.ActiveCfg = Debug|x64
		{730D483C-1241-4BA7-B7A8-591529FC48D5}.Debug|iPhoneSimulator.Build.0 = Debug|x64
		{730D483C-1241-4BA7-B7A8-591529FC48D5}.Debug|iPhoneSimulator.Deploy.0 = Debug|x64
		{730D483C-1241-4BA7-B7A8-591529FC48D5}.Debug|x64.ActiveCfg = Debug|x64
		{730D483C-1241-4BA7-B7A8-591529FC48D5}.Debug|x64.Build.0 = Debug|x64
		{730D483C-1241-4BA7-B7A8-591529FC48D5}.Debug|x64.Deploy.0 = Debug|x64
		{730D483C-1241-4BA7-B7A8-591529FC48D5}.Debug|x86.ActiveCfg = Debug|x86
		{730D483C-1241-4BA7-B7A8-591529FC48D5}.Debug|x86.Build.0 = Debug|x86
		{730D483C-1241-4BA7-B7A8-591529FC48D5}.Debug|x86.Deploy.0 = Debug|x86
		{730D483C-1241-4BA7-B7A8-591529FC48D5}.Release|Any CPU.ActiveCfg = Release|x64
		{730D483C-1241-4BA7-B7A8-591529FC48D5}.Release|Any CPU.Build.0 = Release|x64
		{730D483C-1241-4BA7-B7A8-591529FC48D5}.Release|Any CPU.Deploy.0 = Release|x64
		{730D483C-1241-4BA7-B7A8-591529FC48D5}.Release|ARM.ActiveCfg = Release|ARM
		{730D483C-1241-4BA7-B7A8-591529FC48D5}.Release|ARM.Build.0 = Release|ARM
		{730D483C-1241-4BA7-B7A8-591529FC48D5}.Release|ARM.Deploy.0 = Release|ARM
		{730D483C-1241-4BA7-B7A8-591529FC48D5}.Release|iPhone.ActiveCfg = Release|x64
		{730D483C-1241-4BA7-B7A8-591529FC48D5}.Release|iPhone.Build.0 = Release|x64
		{730D483C-1241-4BA7-B7A8-591529FC48D5}.Release|iPhone.Deploy.0 = Release|x64
		{730D483C-1241-4BA7-B7A8-591529FC48D5}.Release|iPhoneSimulator.ActiveCfg = Release|x64
		{730D483C-1241-4BA7-B7A8-591529FC48D5}.Release|iPhoneSimulator.Build.0 = Release|x64
		{730D483C-1241-4BA7-B7A8-591529FC48D5}.Release|iPhoneSimulator.Deploy.0 = Release|x64
		{730D483C-1241-4BA7-B7A8-591529FC48D5}.Release|x64.ActiveCfg = Release|x64
		{730D483C-1241-4BA7-B7A8-591529FC48D5}.Release|x64.Build.0 = Release|x64
		{730D483C-1241-4BA7-B7A8-591529FC48D5}.Release|x64.Deploy.0 = Release|x64
		{730D483C-1241-4BA7-B7A8-591529FC48D5}.Release|x86.ActiveCfg = Release|x86
		{730D483C-1241-4BA7-B7A8-591529FC48D5}.Release|x86.Build.0 = Release|x86
		{730D483C-1241-4BA7-B7A8-591529FC48D5}.Release|x86.Deploy.0 = Release|x86
		{E39A15A1-F34C-4A0E-B5AF-B576F8B60074}.Debug|Any CPU.ActiveCfg = Debug|Any CPU
		{E39A15A1-F34C-4A0E-B5AF-B576F8B60074}.Debug|Any CPU.Build.0 = Debug|Any CPU
		{E39A15A1-F34C-4A0E-B5AF-B576F8B60074}.Debug|Any CPU.Deploy.0 = Debug|Any CPU
		{E39A15A1-F34C-4A0E-B5AF-B576F8B60074}.Debug|ARM.ActiveCfg = Debug|Any CPU
		{E39A15A1-F34C-4A0E-B5AF-B576F8B60074}.Debug|ARM.Build.0 = Debug|Any CPU
		{E39A15A1-F34C-4A0E-B5AF-B576F8B60074}.Debug|ARM.Deploy.0 = Debug|Any CPU
		{E39A15A1-F34C-4A0E-B5AF-B576F8B60074}.Debug|iPhone.ActiveCfg = Debug|Any CPU
		{E39A15A1-F34C-4A0E-B5AF-B576F8B60074}.Debug|iPhone.Build.0 = Debug|Any CPU
		{E39A15A1-F34C-4A0E-B5AF-B576F8B60074}.Debug|iPhone.Deploy.0 = Debug|Any CPU
		{E39A15A1-F34C-4A0E-B5AF-B576F8B60074}.Debug|iPhoneSimulator.ActiveCfg = Debug|Any CPU
		{E39A15A1-F34C-4A0E-B5AF-B576F8B60074}.Debug|iPhoneSimulator.Build.0 = Debug|Any CPU
		{E39A15A1-F34C-4A0E-B5AF-B576F8B60074}.Debug|iPhoneSimulator.Deploy.0 = Debug|Any CPU
		{E39A15A1-F34C-4A0E-B5AF-B576F8B60074}.Debug|x64.ActiveCfg = Debug|Any CPU
		{E39A15A1-F34C-4A0E-B5AF-B576F8B60074}.Debug|x64.Build.0 = Debug|Any CPU
		{E39A15A1-F34C-4A0E-B5AF-B576F8B60074}.Debug|x64.Deploy.0 = Debug|Any CPU
		{E39A15A1-F34C-4A0E-B5AF-B576F8B60074}.Debug|x86.ActiveCfg = Debug|Any CPU
		{E39A15A1-F34C-4A0E-B5AF-B576F8B60074}.Debug|x86.Build.0 = Debug|Any CPU
		{E39A15A1-F34C-4A0E-B5AF-B576F8B60074}.Debug|x86.Deploy.0 = Debug|Any CPU
		{E39A15A1-F34C-4A0E-B5AF-B576F8B60074}.Release|Any CPU.ActiveCfg = Release|Any CPU
		{E39A15A1-F34C-4A0E-B5AF-B576F8B60074}.Release|Any CPU.Build.0 = Release|Any CPU
		{E39A15A1-F34C-4A0E-B5AF-B576F8B60074}.Release|Any CPU.Deploy.0 = Release|Any CPU
		{E39A15A1-F34C-4A0E-B5AF-B576F8B60074}.Release|ARM.ActiveCfg = Release|Any CPU
		{E39A15A1-F34C-4A0E-B5AF-B576F8B60074}.Release|ARM.Build.0 = Release|Any CPU
		{E39A15A1-F34C-4A0E-B5AF-B576F8B60074}.Release|ARM.Deploy.0 = Release|Any CPU
		{E39A15A1-F34C-4A0E-B5AF-B576F8B60074}.Release|iPhone.ActiveCfg = Release|Any CPU
		{E39A15A1-F34C-4A0E-B5AF-B576F8B60074}.Release|iPhone.Build.0 = Release|Any CPU
		{E39A15A1-F34C-4A0E-B5AF-B576F8B60074}.Release|iPhone.Deploy.0 = Release|Any CPU
		{E39A15A1-F34C-4A0E-B5AF-B576F8B60074}.Release|iPhoneSimulator.ActiveCfg = Release|Any CPU
		{E39A15A1-F34C-4A0E-B5AF-B576F8B60074}.Release|iPhoneSimulator.Build.0 = Release|Any CPU
		{E39A15A1-F34C-4A0E-B5AF-B576F8B60074}.Release|iPhoneSimulator.Deploy.0 = Release|Any CPU
		{E39A15A1-F34C-4A0E-B5AF-B576F8B60074}.Release|x64.ActiveCfg = Release|Any CPU
		{E39A15A1-F34C-4A0E-B5AF-B576F8B60074}.Release|x64.Build.0 = Release|Any CPU
		{E39A15A1-F34C-4A0E-B5AF-B576F8B60074}.Release|x64.Deploy.0 = Release|Any CPU
		{E39A15A1-F34C-4A0E-B5AF-B576F8B60074}.Release|x86.ActiveCfg = Release|Any CPU
		{E39A15A1-F34C-4A0E-B5AF-B576F8B60074}.Release|x86.Build.0 = Release|Any CPU
		{E39A15A1-F34C-4A0E-B5AF-B576F8B60074}.Release|x86.Deploy.0 = Release|Any CPU
		{A152D82C-90D0-4B52-A353-C308BEFC9D99}.Debug|Any CPU.ActiveCfg = Debug|iPhoneSimulator
		{A152D82C-90D0-4B52-A353-C308BEFC9D99}.Debug|Any CPU.Build.0 = Debug|iPhoneSimulator
		{A152D82C-90D0-4B52-A353-C308BEFC9D99}.Debug|Any CPU.Deploy.0 = Debug|iPhoneSimulator
		{A152D82C-90D0-4B52-A353-C308BEFC9D99}.Debug|ARM.ActiveCfg = Debug|iPhoneSimulator
		{A152D82C-90D0-4B52-A353-C308BEFC9D99}.Debug|ARM.Build.0 = Debug|iPhoneSimulator
		{A152D82C-90D0-4B52-A353-C308BEFC9D99}.Debug|ARM.Deploy.0 = Debug|iPhoneSimulator
		{A152D82C-90D0-4B52-A353-C308BEFC9D99}.Debug|iPhone.ActiveCfg = Debug|iPhone
		{A152D82C-90D0-4B52-A353-C308BEFC9D99}.Debug|iPhone.Build.0 = Debug|iPhone
		{A152D82C-90D0-4B52-A353-C308BEFC9D99}.Debug|iPhone.Deploy.0 = Debug|iPhone
		{A152D82C-90D0-4B52-A353-C308BEFC9D99}.Debug|iPhoneSimulator.ActiveCfg = Debug|iPhoneSimulator
		{A152D82C-90D0-4B52-A353-C308BEFC9D99}.Debug|iPhoneSimulator.Build.0 = Debug|iPhoneSimulator
		{A152D82C-90D0-4B52-A353-C308BEFC9D99}.Debug|iPhoneSimulator.Deploy.0 = Debug|iPhoneSimulator
		{A152D82C-90D0-4B52-A353-C308BEFC9D99}.Debug|x64.ActiveCfg = Debug|iPhone
		{A152D82C-90D0-4B52-A353-C308BEFC9D99}.Debug|x64.Build.0 = Debug|iPhone
		{A152D82C-90D0-4B52-A353-C308BEFC9D99}.Debug|x64.Deploy.0 = Debug|iPhone
		{A152D82C-90D0-4B52-A353-C308BEFC9D99}.Debug|x86.ActiveCfg = Debug|iPhoneSimulator
		{A152D82C-90D0-4B52-A353-C308BEFC9D99}.Debug|x86.Build.0 = Debug|iPhoneSimulator
		{A152D82C-90D0-4B52-A353-C308BEFC9D99}.Debug|x86.Deploy.0 = Debug|iPhoneSimulator
		{A152D82C-90D0-4B52-A353-C308BEFC9D99}.Release|Any CPU.ActiveCfg = Release|iPhoneSimulator
		{A152D82C-90D0-4B52-A353-C308BEFC9D99}.Release|Any CPU.Build.0 = Release|iPhoneSimulator
		{A152D82C-90D0-4B52-A353-C308BEFC9D99}.Release|Any CPU.Deploy.0 = Release|iPhoneSimulator
		{A152D82C-90D0-4B52-A353-C308BEFC9D99}.Release|ARM.ActiveCfg = Release|iPhoneSimulator
		{A152D82C-90D0-4B52-A353-C308BEFC9D99}.Release|ARM.Build.0 = Release|iPhoneSimulator
		{A152D82C-90D0-4B52-A353-C308BEFC9D99}.Release|ARM.Deploy.0 = Release|iPhoneSimulator
		{A152D82C-90D0-4B52-A353-C308BEFC9D99}.Release|iPhone.ActiveCfg = Release|iPhone
		{A152D82C-90D0-4B52-A353-C308BEFC9D99}.Release|iPhone.Build.0 = Release|iPhone
		{A152D82C-90D0-4B52-A353-C308BEFC9D99}.Release|iPhone.Deploy.0 = Release|iPhone
		{A152D82C-90D0-4B52-A353-C308BEFC9D99}.Release|iPhoneSimulator.ActiveCfg = Release|iPhoneSimulator
		{A152D82C-90D0-4B52-A353-C308BEFC9D99}.Release|iPhoneSimulator.Build.0 = Release|iPhoneSimulator
		{A152D82C-90D0-4B52-A353-C308BEFC9D99}.Release|iPhoneSimulator.Deploy.0 = Release|iPhoneSimulator
		{A152D82C-90D0-4B52-A353-C308BEFC9D99}.Release|x64.ActiveCfg = Release|iPhoneSimulator
		{A152D82C-90D0-4B52-A353-C308BEFC9D99}.Release|x64.Build.0 = Release|iPhoneSimulator
		{A152D82C-90D0-4B52-A353-C308BEFC9D99}.Release|x64.Deploy.0 = Release|iPhoneSimulator
		{A152D82C-90D0-4B52-A353-C308BEFC9D99}.Release|x86.ActiveCfg = Release|iPhoneSimulator
		{A152D82C-90D0-4B52-A353-C308BEFC9D99}.Release|x86.Build.0 = Release|iPhoneSimulator
		{A152D82C-90D0-4B52-A353-C308BEFC9D99}.Release|x86.Deploy.0 = Release|iPhoneSimulator
		{D1D6FDF2-B3F6-4B0C-B4F2-C78F8D23CEFA}.Debug|Any CPU.ActiveCfg = Debug|Any CPU
		{D1D6FDF2-B3F6-4B0C-B4F2-C78F8D23CEFA}.Debug|Any CPU.Build.0 = Debug|Any CPU
		{D1D6FDF2-B3F6-4B0C-B4F2-C78F8D23CEFA}.Debug|Any CPU.Deploy.0 = Debug|Any CPU
		{D1D6FDF2-B3F6-4B0C-B4F2-C78F8D23CEFA}.Debug|ARM.ActiveCfg = Debug|Any CPU
		{D1D6FDF2-B3F6-4B0C-B4F2-C78F8D23CEFA}.Debug|ARM.Build.0 = Debug|Any CPU
		{D1D6FDF2-B3F6-4B0C-B4F2-C78F8D23CEFA}.Debug|ARM.Deploy.0 = Debug|Any CPU
		{D1D6FDF2-B3F6-4B0C-B4F2-C78F8D23CEFA}.Debug|iPhone.ActiveCfg = Debug|Any CPU
		{D1D6FDF2-B3F6-4B0C-B4F2-C78F8D23CEFA}.Debug|iPhone.Build.0 = Debug|Any CPU
		{D1D6FDF2-B3F6-4B0C-B4F2-C78F8D23CEFA}.Debug|iPhone.Deploy.0 = Debug|Any CPU
		{D1D6FDF2-B3F6-4B0C-B4F2-C78F8D23CEFA}.Debug|iPhoneSimulator.ActiveCfg = Debug|Any CPU
		{D1D6FDF2-B3F6-4B0C-B4F2-C78F8D23CEFA}.Debug|iPhoneSimulator.Build.0 = Debug|Any CPU
		{D1D6FDF2-B3F6-4B0C-B4F2-C78F8D23CEFA}.Debug|iPhoneSimulator.Deploy.0 = Debug|Any CPU
		{D1D6FDF2-B3F6-4B0C-B4F2-C78F8D23CEFA}.Debug|x64.ActiveCfg = Debug|Any CPU
		{D1D6FDF2-B3F6-4B0C-B4F2-C78F8D23CEFA}.Debug|x64.Build.0 = Debug|Any CPU
		{D1D6FDF2-B3F6-4B0C-B4F2-C78F8D23CEFA}.Debug|x64.Deploy.0 = Debug|Any CPU
		{D1D6FDF2-B3F6-4B0C-B4F2-C78F8D23CEFA}.Debug|x86.ActiveCfg = Debug|Any CPU
		{D1D6FDF2-B3F6-4B0C-B4F2-C78F8D23CEFA}.Debug|x86.Build.0 = Debug|Any CPU
		{D1D6FDF2-B3F6-4B0C-B4F2-C78F8D23CEFA}.Debug|x86.Deploy.0 = Debug|Any CPU
		{D1D6FDF2-B3F6-4B0C-B4F2-C78F8D23CEFA}.Release|Any CPU.ActiveCfg = Release|Any CPU
		{D1D6FDF2-B3F6-4B0C-B4F2-C78F8D23CEFA}.Release|Any CPU.Build.0 = Release|Any CPU
		{D1D6FDF2-B3F6-4B0C-B4F2-C78F8D23CEFA}.Release|Any CPU.Deploy.0 = Release|Any CPU
		{D1D6FDF2-B3F6-4B0C-B4F2-C78F8D23CEFA}.Release|ARM.ActiveCfg = Release|Any CPU
		{D1D6FDF2-B3F6-4B0C-B4F2-C78F8D23CEFA}.Release|ARM.Build.0 = Release|Any CPU
		{D1D6FDF2-B3F6-4B0C-B4F2-C78F8D23CEFA}.Release|ARM.Deploy.0 = Release|Any CPU
		{D1D6FDF2-B3F6-4B0C-B4F2-C78F8D23CEFA}.Release|iPhone.ActiveCfg = Release|Any CPU
		{D1D6FDF2-B3F6-4B0C-B4F2-C78F8D23CEFA}.Release|iPhone.Build.0 = Release|Any CPU
		{D1D6FDF2-B3F6-4B0C-B4F2-C78F8D23CEFA}.Release|iPhone.Deploy.0 = Release|Any CPU
		{D1D6FDF2-B3F6-4B0C-B4F2-C78F8D23CEFA}.Release|iPhoneSimulator.ActiveCfg = Release|Any CPU
		{D1D6FDF2-B3F6-4B0C-B4F2-C78F8D23CEFA}.Release|iPhoneSimulator.Build.0 = Release|Any CPU
		{D1D6FDF2-B3F6-4B0C-B4F2-C78F8D23CEFA}.Release|iPhoneSimulator.Deploy.0 = Release|Any CPU
		{D1D6FDF2-B3F6-4B0C-B4F2-C78F8D23CEFA}.Release|x64.ActiveCfg = Release|Any CPU
		{D1D6FDF2-B3F6-4B0C-B4F2-C78F8D23CEFA}.Release|x64.Build.0 = Release|Any CPU
		{D1D6FDF2-B3F6-4B0C-B4F2-C78F8D23CEFA}.Release|x64.Deploy.0 = Release|Any CPU
		{D1D6FDF2-B3F6-4B0C-B4F2-C78F8D23CEFA}.Release|x86.ActiveCfg = Release|Any CPU
		{D1D6FDF2-B3F6-4B0C-B4F2-C78F8D23CEFA}.Release|x86.Build.0 = Release|Any CPU
		{D1D6FDF2-B3F6-4B0C-B4F2-C78F8D23CEFA}.Release|x86.Deploy.0 = Release|Any CPU
	EndGlobalSection
	GlobalSection(SolutionProperties) = preSolution
		HideSolutionNode = FALSE
	EndGlobalSection
	GlobalSection(ExtensibilityGlobals) = postSolution
		SolutionGuid = {F6890205-7F82-40C6-84AE-0DCF35B72F17}
	EndGlobalSection
EndGlobal
